
Microsoft Visual Studio Solution File, Format Version 12.00
# Visual Studio Version 16
VisualStudioVersion = 16.0.29613.14
MinimumVisualStudioVersion = 10.0.40219.1
Project("{FAE04EC0-301F-11D3-BF4B-00C04F79EFBC}") = "SPDVI_Marta_WebAPI", "SPDVI_Marta_WebAPI\SPDVI_Marta_WebAPI.csproj", "{D06B3701-C599-4793-833A-322700336ED1}"
EndProject
Global
	GlobalSection(SolutionConfigurationPlatforms) = preSolution
		Debug|Any CPU = Debug|Any CPU
		Release|Any CPU = Release|Any CPU
	EndGlobalSection
	GlobalSection(ProjectConfigurationPlatforms) = postSolution
		{D06B3701-C599-4793-833A-322700336ED1}.Debug|Any CPU.ActiveCfg = Debug|Any CPU
		{D06B3701-C599-4793-833A-322700336ED1}.Debug|Any CPU.Build.0 = Debug|Any CPU
		{D06B3701-C599-4793-833A-322700336ED1}.Release|Any CPU.ActiveCfg = Release|Any CPU
		{D06B3701-C599-4793-833A-322700336ED1}.Release|Any CPU.Build.0 = Release|Any CPU
	EndGlobalSection
	GlobalSection(SolutionProperties) = preSolution
		HideSolutionNode = FALSE
	EndGlobalSection
	GlobalSection(ExtensibilityGlobals) = postSolution
		SolutionGuid = {1CC062B6-BC67-444B-BC7A-54C03D3D4D78}
	EndGlobalSection
EndGlobal
